// !$*UTF8*$!
{
	archiveVersion = 1;
	classes = {
	};
	objectVersion = 48;
	objects = {

/* Begin PBXBuildFile section */
		AE85734E1F9D179100D73806 /* AppDelegate.swift in Sources */ = {isa = PBXBuildFile; fileRef = AE85734D1F9D179100D73806 /* AppDelegate.swift */; };
		AE8573501F9D179100D73806 /* art.scnassets in Resources */ = {isa = PBXBuildFile; fileRef = AE85734F1F9D179100D73806 /* art.scnassets */; };
		AE8573521F9D179100D73806 /* ViewController.swift in Sources */ = {isa = PBXBuildFile; fileRef = AE8573511F9D179100D73806 /* ViewController.swift */; };
		AE8573551F9D179100D73806 /* Main.storyboard in Resources */ = {isa = PBXBuildFile; fileRef = AE8573531F9D179100D73806 /* Main.storyboard */; };
		AE85735A1F9D179100D73806 /* LaunchScreen.storyboard in Resources */ = {isa = PBXBuildFile; fileRef = AE8573581F9D179100D73806 /* LaunchScreen.storyboard */; };
		AE8573651F9D206800D73806 /* example_5s0_hand_model.mlmodel in Sources */ = {isa = PBXBuildFile; fileRef = AE8573641F9D206800D73806 /* example_5s0_hand_model.mlmodel */; };
		CD7E486320D7E74500C823AC /* BluetoothSerial.swift in Sources */ = {isa = PBXBuildFile; fileRef = CD7E486220D7E74400C823AC /* BluetoothSerial.swift */; };
		CD7E486520D7E75D00C823AC /* ScannerViewController.swift in Sources */ = {isa = PBXBuildFile; fileRef = CD7E486420D7E75D00C823AC /* ScannerViewController.swift */; };
		CD7E486720D7E7E300C823AC /* SerialViewController.swift in Sources */ = {isa = PBXBuildFile; fileRef = CD7E486620D7E7E300C823AC /* SerialViewController.swift */; };
		CD7E486C20D7E95800C823AC /* MBProgressHUD.m in Sources */ = {isa = PBXBuildFile; fileRef = CD7E486920D7E95700C823AC /* MBProgressHUD.m */; };
/* End PBXBuildFile section */

/* Begin PBXFileReference section */
		AE85734A1F9D179100D73806 /* Gesture-Recognition.app */ = {isa = PBXFileReference; explicitFileType = wrapper.application; includeInIndex = 0; path = "Gesture-Recognition.app"; sourceTree = BUILT_PRODUCTS_DIR; };
		AE85734D1F9D179100D73806 /* AppDelegate.swift */ = {isa = PBXFileReference; lastKnownFileType = sourcecode.swift; path = AppDelegate.swift; sourceTree = "<group>"; };
		AE85734F1F9D179100D73806 /* art.scnassets */ = {isa = PBXFileReference; lastKnownFileType = wrapper.scnassets; path = art.scnassets; sourceTree = "<group>"; };
		AE8573511F9D179100D73806 /* ViewController.swift */ = {isa = PBXFileReference; lastKnownFileType = sourcecode.swift; path = ViewController.swift; sourceTree = "<group>"; };
		AE8573541F9D179100D73806 /* Base */ = {isa = PBXFileReference; lastKnownFileType = file.storyboard; name = Base; path = Base.lproj/Main.storyboard; sourceTree = "<group>"; };
		AE8573591F9D179100D73806 /* Base */ = {isa = PBXFileReference; lastKnownFileType = file.storyboard; name = Base; path = Base.lproj/LaunchScreen.storyboard; sourceTree = "<group>"; };
		AE85735B1F9D179100D73806 /* Info.plist */ = {isa = PBXFileReference; lastKnownFileType = text.plist.xml; path = Info.plist; sourceTree = "<group>"; };
		AE8573641F9D206800D73806 /* example_5s0_hand_model.mlmodel */ = {isa = PBXFileReference; lastKnownFileType = file.mlmodel; path = example_5s0_hand_model.mlmodel; sourceTree = "<group>"; };
		CD7E486220D7E74400C823AC /* BluetoothSerial.swift */ = {isa = PBXFileReference; fileEncoding = 4; lastKnownFileType = sourcecode.swift; path = BluetoothSerial.swift; sourceTree = "<group>"; };
		CD7E486420D7E75D00C823AC /* ScannerViewController.swift */ = {isa = PBXFileReference; fileEncoding = 4; lastKnownFileType = sourcecode.swift; path = ScannerViewController.swift; sourceTree = "<group>"; };
		CD7E486620D7E7E300C823AC /* SerialViewController.swift */ = {isa = PBXFileReference; lastKnownFileType = sourcecode.swift; path = SerialViewController.swift; sourceTree = "<group>"; };
		CD7E486820D7E95600C823AC /* Gesture-Recognition-Bridging-Header.h */ = {isa = PBXFileReference; lastKnownFileType = sourcecode.c.h; path = "Gesture-Recognition-Bridging-Header.h"; sourceTree = "<group>"; };
		CD7E486920D7E95700C823AC /* MBProgressHUD.m */ = {isa = PBXFileReference; fileEncoding = 4; lastKnownFileType = sourcecode.c.objc; path = MBProgressHUD.m; sourceTree = "<group>"; };
		CD7E486B20D7E95800C823AC /* MBProgressHUD.h */ = {isa = PBXFileReference; fileEncoding = 4; lastKnownFileType = sourcecode.c.h; path = MBProgressHUD.h; sourceTree = "<group>"; };
/* End PBXFileReference section */

/* Begin PBXFrameworksBuildPhase section */
		AE8573471F9D179100D73806 /* Frameworks */ = {
			isa = PBXFrameworksBuildPhase;
			buildActionMask = 2147483647;
			files = (
			);
			runOnlyForDeploymentPostprocessing = 0;
		};
/* End PBXFrameworksBuildPhase section */

/* Begin PBXGroup section */
		AE8573411F9D179100D73806 = {
			isa = PBXGroup;
			children = (
				AE85734C1F9D179100D73806 /* Gesture-Recognition */,
				AE85734B1F9D179100D73806 /* Products */,
			);
			sourceTree = "<group>";
		};
		AE85734B1F9D179100D73806 /* Products */ = {
			isa = PBXGroup;
			children = (
				AE85734A1F9D179100D73806 /* Gesture-Recognition.app */,
			);
			name = Products;
			sourceTree = "<group>";
		};
		AE85734C1F9D179100D73806 /* Gesture-Recognition */ = {
			isa = PBXGroup;
			children = (
				AE85734D1F9D179100D73806 /* AppDelegate.swift */,
				AE85734F1F9D179100D73806 /* art.scnassets */,
				AE8573511F9D179100D73806 /* ViewController.swift */,
				CD7E486220D7E74400C823AC /* BluetoothSerial.swift */,
				CD7E486B20D7E95800C823AC /* MBProgressHUD.h */,
				CD7E486920D7E95700C823AC /* MBProgressHUD.m */,
				AE8573531F9D179100D73806 /* Main.storyboard */,
				CD7E486420D7E75D00C823AC /* ScannerViewController.swift */,
				AE8573581F9D179100D73806 /* LaunchScreen.storyboard */,
				AE85735B1F9D179100D73806 /* Info.plist */,
				AE8573641F9D206800D73806 /* example_5s0_hand_model.mlmodel */,
				CD7E486620D7E7E300C823AC /* SerialViewController.swift */,
				CD7E486820D7E95600C823AC /* Gesture-Recognition-Bridging-Header.h */,
			);
			path = "Gesture-Recognition";
			sourceTree = "<group>";
		};
/* End PBXGroup section */

/* Begin PBXNativeTarget section */
		AE8573491F9D179100D73806 /* Gesture-Recognition */ = {
			isa = PBXNativeTarget;
			buildConfigurationList = AE85735E1F9D179100D73806 /* Build configuration list for PBXNativeTarget "Gesture-Recognition" */;
			buildPhases = (
				AE8573461F9D179100D73806 /* Sources */,
				AE8573471F9D179100D73806 /* Frameworks */,
				AE8573481F9D179100D73806 /* Resources */,
			);
			buildRules = (
			);
			dependencies = (
			);
			name = "Gesture-Recognition";
			productName = "Gesture-Recognition-101-CoreML-ARKit";
			productReference = AE85734A1F9D179100D73806 /* Gesture-Recognition.app */;
			productType = "com.apple.product-type.application";
		};
/* End PBXNativeTarget section */

/* Begin PBXProject section */
		AE8573421F9D179100D73806 /* Project object */ = {
			isa = PBXProject;
			attributes = {
				LastSwiftUpdateCheck = 0910;
				LastUpgradeCheck = 0910;
				ORGANIZATIONNAME = "Emerging Interactions";
				TargetAttributes = {
					AE8573491F9D179100D73806 = {
						CreatedOnToolsVersion = 9.1;
						LastSwiftMigration = 0930;
						ProvisioningStyle = Automatic;
					};
				};
			};
			buildConfigurationList = AE8573451F9D179100D73806 /* Build configuration list for PBXProject "Gesture-Recognition" */;
			compatibilityVersion = "Xcode 8.0";
			developmentRegion = en;
			hasScannedForEncodings = 0;
			knownRegions = (
				en,
				Base,
			);
			mainGroup = AE8573411F9D179100D73806;
			productRefGroup = AE85734B1F9D179100D73806 /* Products */;
			projectDirPath = "";
			projectRoot = "";
			targets = (
				AE8573491F9D179100D73806 /* Gesture-Recognition */,
			);
		};
/* End PBXProject section */

/* Begin PBXResourcesBuildPhase section */
		AE8573481F9D179100D73806 /* Resources */ = {
			isa = PBXResourcesBuildPhase;
			buildActionMask = 2147483647;
			files = (
				AE8573501F9D179100D73806 /* art.scnassets in Resources */,
				AE85735A1F9D179100D73806 /* LaunchScreen.storyboard in Resources */,
				AE8573551F9D179100D73806 /* Main.storyboard in Resources */,
			);
			runOnlyForDeploymentPostprocessing = 0;
		};
/* End PBXResourcesBuildPhase section */

/* Begin PBXSourcesBuildPhase section */
		AE8573461F9D179100D73806 /* Sources */ = {
			isa = PBXSourcesBuildPhase;
			buildActionMask = 2147483647;
			files = (
				AE8573521F9D179100D73806 /* ViewController.swift in Sources */,
				AE85734E1F9D179100D73806 /* AppDelegate.swift in Sources */,
				CD7E486720D7E7E300C823AC /* SerialViewController.swift in Sources */,
				CD7E486320D7E74500C823AC /* BluetoothSerial.swift in Sources */,
				CD7E486520D7E75D00C823AC /* ScannerViewController.swift in Sources */,
				AE8573651F9D206800D73806 /* example_5s0_hand_model.mlmodel in Sources */,
				CD7E486C20D7E95800C823AC /* MBProgressHUD.m in Sources */,
			);
			runOnlyForDeploymentPostprocessing = 0;
		};
/* End PBXSourcesBuildPhase section */

/* Begin PBXVariantGroup section */
		AE8573531F9D179100D73806 /* Main.storyboard */ = {
			isa = PBXVariantGroup;
			children = (
				AE8573541F9D179100D73806 /* Base */,
			);
			name = Main.storyboard;
			sourceTree = "<group>";
		};
		AE8573581F9D179100D73806 /* LaunchScreen.storyboard */ = {
			isa = PBXVariantGroup;
			children = (
				AE8573591F9D179100D73806 /* Base */,
			);
			name = LaunchScreen.storyboard;
			sourceTree = "<group>";
		};
/* End PBXVariantGroup section */

/* Begin XCBuildConfiguration section */
		AE85735C1F9D179100D73806 /* Debug */ = {
			isa = XCBuildConfiguration;
			buildSettings = {
				ALWAYS_SEARCH_USER_PATHS = NO;
				CLANG_ANALYZER_NONNULL = YES;
				CLANG_ANALYZER_NUMBER_OBJECT_CONVERSION = YES_AGGRESSIVE;
				CLANG_CXX_LANGUAGE_STANDARD = "gnu++14";
				CLANG_CXX_LIBRARY = "libc++";
				CLANG_ENABLE_MODULES = YES;
				CLANG_ENABLE_OBJC_ARC = YES;
				CLANG_WARN_BLOCK_CAPTURE_AUTORELEASING = YES;
				CLANG_WARN_BOOL_CONVERSION = YES;
				CLANG_WARN_COMMA = YES;
				CLANG_WARN_CONSTANT_CONVERSION = YES;
				CLANG_WARN_DIRECT_OBJC_ISA_USAGE = YES_ERROR;
				CLANG_WARN_DOCUMENTATION_COMMENTS = YES;
				CLANG_WARN_EMPTY_BODY = YES;
				CLANG_WARN_ENUM_CONVERSION = YES;
				CLANG_WARN_INFINITE_RECURSION = YES;
				CLANG_WARN_INT_CONVERSION = YES;
				CLANG_WARN_NON_LITERAL_NULL_CONVERSION = YES;
				CLANG_WARN_OBJC_LITERAL_CONVERSION = YES;
				CLANG_WARN_OBJC_ROOT_CLASS = YES_ERROR;
				CLANG_WARN_RANGE_LOOP_ANALYSIS = YES;
				CLANG_WARN_STRICT_PROTOTYPES = YES;
				CLANG_WARN_SUSPICIOUS_MOVE = YES;
				CLANG_WARN_UNGUARDED_AVAILABILITY = YES_AGGRESSIVE;
				CLANG_WARN_UNREACHABLE_CODE = YES;
				CLANG_WARN__DUPLICATE_METHOD_MATCH = YES;
				CODE_SIGN_IDENTITY = "iPhone Developer";
				COPY_PHASE_STRIP = NO;
				DEBUG_INFORMATION_FORMAT = dwarf;
				ENABLE_STRICT_OBJC_MSGSEND = YES;
				ENABLE_TESTABILITY = YES;
				GCC_C_LANGUAGE_STANDARD = gnu11;
				GCC_DYNAMIC_NO_PIC = NO;
				GCC_NO_COMMON_BLOCKS = YES;
				GCC_OPTIMIZATION_LEVEL = 0;
				GCC_PREPROCESSOR_DEFINITIONS = (
					"DEBUG=1",
					"$(inherited)",
				);
				GCC_WARN_64_TO_32_BIT_CONVERSION = YES;
				GCC_WARN_ABOUT_RETURN_TYPE = YES_ERROR;
				GCC_WARN_UNDECLARED_SELECTOR = YES;
				GCC_WARN_UNINITIALIZED_AUTOS = YES_AGGRESSIVE;
				GCC_WARN_UNUSED_FUNCTION = YES;
				GCC_WARN_UNUSED_VARIABLE = YES;
				IPHONEOS_DEPLOYMENT_TARGET = 11.1;
				MTL_ENABLE_DEBUG_INFO = YES;
				ONLY_ACTIVE_ARCH = YES;
				SDKROOT = iphoneos;
				SWIFT_ACTIVE_COMPILATION_CONDITIONS = DEBUG;
				SWIFT_OPTIMIZATION_LEVEL = "-Onone";
			};
			name = Debug;
		};
		AE85735D1F9D179100D73806 /* Release */ = {
			isa = XCBuildConfiguration;
			buildSettings = {
				ALWAYS_SEARCH_USER_PATHS = NO;
				CLANG_ANALYZER_NONNULL = YES;
				CLANG_ANALYZER_NUMBER_OBJECT_CONVERSION = YES_AGGRESSIVE;
				CLANG_CXX_LANGUAGE_STANDARD = "gnu++14";
				CLANG_CXX_LIBRARY = "libc++";
				CLANG_ENABLE_MODULES = YES;
				CLANG_ENABLE_OBJC_ARC = YES;
				CLANG_WARN_BLOCK_CAPTURE_AUTORELEASING = YES;
				CLANG_WARN_BOOL_CONVERSION = YES;
				CLANG_WARN_COMMA = YES;
				CLANG_WARN_CONSTANT_CONVERSION = YES;
				CLANG_WARN_DIRECT_OBJC_ISA_USAGE = YES_ERROR;
				CLANG_WARN_DOCUMENTATION_COMMENTS = YES;
				CLANG_WARN_EMPTY_BODY = YES;
				CLANG_WARN_ENUM_CONVERSION = YES;
				CLANG_WARN_INFINITE_RECURSION = YES;
				CLANG_WARN_INT_CONVERSION = YES;
				CLANG_WARN_NON_LITERAL_NULL_CONVERSION = YES;
				CLANG_WARN_OBJC_LITERAL_CONVERSION = YES;
				CLANG_WARN_OBJC_ROOT_CLASS = YES_ERROR;
				CLANG_WARN_RANGE_LOOP_ANALYSIS = YES;
				CLANG_WARN_STRICT_PROTOTYPES = YES;
				CLANG_WARN_SUSPICIOUS_MOVE = YES;
				CLANG_WARN_UNGUARDED_AVAILABILITY = YES_AGGRESSIVE;
				CLANG_WARN_UNREACHABLE_CODE = YES;
				CLANG_WARN__DUPLICATE_METHOD_MATCH = YES;
				CODE_SIGN_IDENTITY = "iPhone Developer";
				COPY_PHASE_STRIP = NO;
				DEBUG_INFORMATION_FORMAT = "dwarf-with-dsym";
				ENABLE_NS_ASSERTIONS = NO;
				ENABLE_STRICT_OBJC_MSGSEND = YES;
				GCC_C_LANGUAGE_STANDARD = gnu11;
				GCC_NO_COMMON_BLOCKS = YES;
				GCC_WARN_64_TO_32_BIT_CONVERSION = YES;
				GCC_WARN_ABOUT_RETURN_TYPE = YES_ERROR;
				GCC_WARN_UNDECLARED_SELECTOR = YES;
				GCC_WARN_UNINITIALIZED_AUTOS = YES_AGGRESSIVE;
				GCC_WARN_UNUSED_FUNCTION = YES;
				GCC_WARN_UNUSED_VARIABLE = YES;
				IPHONEOS_DEPLOYMENT_TARGET = 11.1;
				MTL_ENABLE_DEBUG_INFO = NO;
				SDKROOT = iphoneos;
				SWIFT_OPTIMIZATION_LEVEL = "-Owholemodule";
				VALIDATE_PRODUCT = YES;
			};
			name = Release;
		};
		AE85735F1F9D179100D73806 /* Debug */ = {
			isa = XCBuildConfiguration;
			buildSettings = {
				ASSETCATALOG_COMPILER_APPICON_NAME = AppIcon;
				CLANG_ENABLE_MODULES = YES;
				CODE_SIGN_STYLE = Automatic;
				DEVELOPMENT_TEAM = FDUR7X8MST;
				INFOPLIST_FILE = "$(SRCROOT)/Gesture-Recognition/Info.plist";
				IPHONEOS_DEPLOYMENT_TARGET = 11.0;
				LD_RUNPATH_SEARCH_PATHS = "$(inherited) @executable_path/Frameworks";
				PRODUCT_BUNDLE_IDENTIFIER = com.leodegeus.gestures;
				PRODUCT_NAME = "$(TARGET_NAME)";
				SWIFT_OBJC_BRIDGING_HEADER = "Gesture-Recognition/Gesture-Recognition-Bridging-Header.h";
				SWIFT_OPTIMIZATION_LEVEL = "-Onone";
				SWIFT_VERSION = 4.0;
				TARGETED_DEVICE_FAMILY = "1,2";
			};
			name = Debug;
		};
		AE8573601F9D179100D73806 /* Release */ = {
			isa = XCBuildConfiguration;
			buildSettings = {
				ASSETCATALOG_COMPILER_APPICON_NAME = AppIcon;
				CLANG_ENABLE_MODULES = YES;
				CODE_SIGN_STYLE = Automatic;
				DEVELOPMENT_TEAM = FDUR7X8MST;
				INFOPLIST_FILE = "$(SRCROOT)/Gesture-Recognition/Info.plist";
				IPHONEOS_DEPLOYMENT_TARGET = 11.0;
				LD_RUNPATH_SEARCH_PATHS = "$(inherited) @executable_path/Frameworks";
				PRODUCT_BUNDLE_IDENTIFIER = com.leodegeus.gestures;
				PRODUCT_NAME = "$(TARGET_NAME)";
				SWIFT_OBJC_BRIDGING_HEADER = "Gesture-Recognition/Gesture-Recognition-Bridging-Header.h";
				SWIFT_VERSION = 4.0;
				TARGETED_DEVICE_FAMILY = "1,2";
			};
			name = Release;
		};
/* End XCBuildConfiguration section */

/* Begin XCConfigurationList section */
		AE8573451F9D179100D73806 /* Build configuration list for PBXProject "Gesture-Recognition" */ = {
			isa = XCConfigurationList;
			buildConfigurations = (
				AE85735C1F9D179100D73806 /* Debug */,
				AE85735D1F9D179100D73806 /* Release */,
			);
			defaultConfigurationIsVisible = 0;
			defaultConfigurationName = Release;
		};
		AE85735E1F9D179100D73806 /* Build configuration list for PBXNativeTarget "Gesture-Recognition" */ = {
			isa = XCConfigurationList;
			buildConfigurations = (
				AE85735F1F9D179100D73806 /* Debug */,
				AE8573601F9D179100D73806 /* Release */,
			);
			defaultConfigurationIsVisible = 0;
			defaultConfigurationName = Release;
		};
/* End XCConfigurationList section */
	};
	rootObject = AE8573421F9D179100D73806 /* Project object */;
}
